
Microsoft Visual Studio Solution File, Format Version 12.00
# Visual Studio Version 16
VisualStudioVersion = 16.0.29728.190
MinimumVisualStudioVersion = 10.0.40219.1
Project("{2150E333-8FDC-42A3-9474-1A3956D46DE8}") = "Projects", "Projects", "{BA195123-7189-40ED-8BFE-1AA918442C3F}"
EndProject
Project("{2150E333-8FDC-42A3-9474-1A3956D46DE8}") = "HTML", "HTML", "{1C3F7F2F-A64E-4120-A9C5-1832648AFD93}"
EndProject
Project("{2150E333-8FDC-42A3-9474-1A3956D46DE8}") = "MicrosoftWord", "MicrosoftWord", "{D5C6A63B-1990-4455-91A2-D99EC2AB0324}"
EndProject
Project("{2150E333-8FDC-42A3-9474-1A3956D46DE8}") = "MicrosoftExcel", "MicrosoftExcel", "{90D87760-06B3-48B8-A409-8960F9C243E5}"
EndProject
Project("{FAE04EC0-301F-11D3-BF4B-00C04F79EFBC}") = "MSExcelFunctions", "Projects\MicrosoftExcel\MSExcelFunctions.csproj", "{47D894D9-EE6F-47AD-9289-B4411E8A2B9A}"
EndProject
Project("{FAE04EC0-301F-11D3-BF4B-00C04F79EFBC}") = "MSWordFunctions", "Projects\MicrosoftWord\MSWordFunctions.csproj", "{F7786640-36D6-47C5-BD59-E86BBD624ACD}"
EndProject
Project("{2150E333-8FDC-42A3-9474-1A3956D46DE8}") = "Common", "Common", "{3CD81917-7CF3-4501-8DD1-393842BC102B}"
EndProject
Project("{FAE04EC0-301F-11D3-BF4B-00C04F79EFBC}") = "Common", "Projects\Common\Common.csproj", "{510A6776-FB5E-42F6-BBBB-B7419E60DFE7}"
EndProject
Project("{2150E333-8FDC-42A3-9474-1A3956D46DE8}") = "HTMLFunctions", "HTMLFunctions", "{8AE9580B-4CCF-49E4-A3D9-84B65520B09B}"
EndProject
Project("{FAE04EC0-301F-11D3-BF4B-00C04F79EFBC}") = "HTMLFunctions", "Projects\HTML\HTMLFunctions\HTMLFunctions.csproj", "{6F492BDE-F1A8-467E-8366-FBE1D38F5673}"
EndProject
Project("{2150E333-8FDC-42A3-9474-1A3956D46DE8}") = "ScrapeWebSites", "ScrapeWebSites", "{66EA1E90-3092-4817-B980-BAC4C446B333}"
EndProject
Project("{2150E333-8FDC-42A3-9474-1A3956D46DE8}") = "Selenium", "Selenium", "{61A397F6-BD38-474B-BE1B-3951ECC37C12}"
EndProject
Project("{FAE04EC0-301F-11D3-BF4B-00C04F79EFBC}") = "ScrapWebSites", "Projects\HTML\ScrapeWebSites\ScrapWebSites.csproj", "{CAB37EDA-CF05-48CA-9E29-4B7178978BC7}"
EndProject
Project("{FAE04EC0-301F-11D3-BF4B-00C04F79EFBC}") = "Selenium", "Projects\HTML\Selenium1\Selenium.csproj", "{EB934DD7-C032-4F19-BB3D-C13A0EC48B9A}"
EndProject
Global
	GlobalSection(SolutionConfigurationPlatforms) = preSolution
		Debug|Any CPU = Debug|Any CPU
		Release|Any CPU = Release|Any CPU
	EndGlobalSection
	GlobalSection(ProjectConfigurationPlatforms) = postSolution
		{47D894D9-EE6F-47AD-9289-B4411E8A2B9A}.Debug|Any CPU.ActiveCfg = Debug|Any CPU
		{47D894D9-EE6F-47AD-9289-B4411E8A2B9A}.Debug|Any CPU.Build.0 = Debug|Any CPU
		{47D894D9-EE6F-47AD-9289-B4411E8A2B9A}.Release|Any CPU.ActiveCfg = Release|Any CPU
		{47D894D9-EE6F-47AD-9289-B4411E8A2B9A}.Release|Any CPU.Build.0 = Release|Any CPU
		{F7786640-36D6-47C5-BD59-E86BBD624ACD}.Debug|Any CPU.ActiveCfg = Debug|Any CPU
		{F7786640-36D6-47C5-BD59-E86BBD624ACD}.Debug|Any CPU.Build.0 = Debug|Any CPU
		{F7786640-36D6-47C5-BD59-E86BBD624ACD}.Release|Any CPU.ActiveCfg = Release|Any CPU
		{F7786640-36D6-47C5-BD59-E86BBD624ACD}.Release|Any CPU.Build.0 = Release|Any CPU
		{510A6776-FB5E-42F6-BBBB-B7419E60DFE7}.Debug|Any CPU.ActiveCfg = Debug|Any CPU
		{510A6776-FB5E-42F6-BBBB-B7419E60DFE7}.Debug|Any CPU.Build.0 = Debug|Any CPU
		{510A6776-FB5E-42F6-BBBB-B7419E60DFE7}.Release|Any CPU.ActiveCfg = Release|Any CPU
		{510A6776-FB5E-42F6-BBBB-B7419E60DFE7}.Release|Any CPU.Build.0 = Release|Any CPU
		{6F492BDE-F1A8-467E-8366-FBE1D38F5673}.Debug|Any CPU.ActiveCfg = Debug|Any CPU
		{6F492BDE-F1A8-467E-8366-FBE1D38F5673}.Debug|Any CPU.Build.0 = Debug|Any CPU
		{6F492BDE-F1A8-467E-8366-FBE1D38F5673}.Release|Any CPU.ActiveCfg = Release|Any CPU
		{6F492BDE-F1A8-467E-8366-FBE1D38F5673}.Release|Any CPU.Build.0 = Release|Any CPU
		{CAB37EDA-CF05-48CA-9E29-4B7178978BC7}.Debug|Any CPU.ActiveCfg = Debug|Any CPU
		{CAB37EDA-CF05-48CA-9E29-4B7178978BC7}.Debug|Any CPU.Build.0 = Debug|Any CPU
		{CAB37EDA-CF05-48CA-9E29-4B7178978BC7}.Release|Any CPU.ActiveCfg = Release|Any CPU
		{CAB37EDA-CF05-48CA-9E29-4B7178978BC7}.Release|Any CPU.Build.0 = Release|Any CPU
		{EB934DD7-C032-4F19-BB3D-C13A0EC48B9A}.Debug|Any CPU.ActiveCfg = Debug|Any CPU
		{EB934DD7-C032-4F19-BB3D-C13A0EC48B9A}.Debug|Any CPU.Build.0 = Debug|Any CPU
		{EB934DD7-C032-4F19-BB3D-C13A0EC48B9A}.Release|Any CPU.ActiveCfg = Release|Any CPU
		{EB934DD7-C032-4F19-BB3D-C13A0EC48B9A}.Release|Any CPU.Build.0 = Release|Any CPU
	EndGlobalSection
	GlobalSection(SolutionProperties) = preSolution
		HideSolutionNode = FALSE
	EndGlobalSection
	GlobalSection(NestedProjects) = preSolution
		{1C3F7F2F-A64E-4120-A9C5-1832648AFD93} = {BA195123-7189-40ED-8BFE-1AA918442C3F}
		{D5C6A63B-1990-4455-91A2-D99EC2AB0324} = {BA195123-7189-40ED-8BFE-1AA918442C3F}
		{90D87760-06B3-48B8-A409-8960F9C243E5} = {BA195123-7189-40ED-8BFE-1AA918442C3F}
		{47D894D9-EE6F-47AD-9289-B4411E8A2B9A} = {90D87760-06B3-48B8-A409-8960F9C243E5}
		{F7786640-36D6-47C5-BD59-E86BBD624ACD} = {D5C6A63B-1990-4455-91A2-D99EC2AB0324}
		{3CD81917-7CF3-4501-8DD1-393842BC102B} = {BA195123-7189-40ED-8BFE-1AA918442C3F}
		{510A6776-FB5E-42F6-BBBB-B7419E60DFE7} = {3CD81917-7CF3-4501-8DD1-393842BC102B}
		{8AE9580B-4CCF-49E4-A3D9-84B65520B09B} = {1C3F7F2F-A64E-4120-A9C5-1832648AFD93}
		{6F492BDE-F1A8-467E-8366-FBE1D38F5673} = {8AE9580B-4CCF-49E4-A3D9-84B65520B09B}
		{66EA1E90-3092-4817-B980-BAC4C446B333} = {1C3F7F2F-A64E-4120-A9C5-1832648AFD93}
		{61A397F6-BD38-474B-BE1B-3951ECC37C12} = {1C3F7F2F-A64E-4120-A9C5-1832648AFD93}
		{CAB37EDA-CF05-48CA-9E29-4B7178978BC7} = {66EA1E90-3092-4817-B980-BAC4C446B333}
		{EB934DD7-C032-4F19-BB3D-C13A0EC48B9A} = {61A397F6-BD38-474B-BE1B-3951ECC37C12}
	EndGlobalSection
	GlobalSection(ExtensibilityGlobals) = postSolution
		SolutionGuid = {82FA2F95-2108-447E-A985-81A8381AECFD}
	EndGlobalSection
EndGlobal
