
Microsoft Visual Studio Solution File, Format Version 12.00
# Visual Studio Version 16
VisualStudioVersion = 16.0.29728.190
MinimumVisualStudioVersion = 10.0.40219.1
Project("{2150E333-8FDC-42A3-9474-1A3956D46DE8}") = "Projects", "Projects", "{BA195123-7189-40ED-8BFE-1AA918442C3F}"
EndProject
Project("{2150E333-8FDC-42A3-9474-1A3956D46DE8}") = "HTML", "HTML", "{1C3F7F2F-A64E-4120-A9C5-1832648AFD93}"
EndProject
Project("{2150E333-8FDC-42A3-9474-1A3956D46DE8}") = "Main", "Main", "{3CD81917-7CF3-4501-8DD1-393842BC102B}"
EndProject
Project("{FAE04EC0-301F-11D3-BF4B-00C04F79EFBC}") = "MainApplication", "Projects\Common\MainApplication.csproj", "{510A6776-FB5E-42F6-BBBB-B7419E60DFE7}"
EndProject
Project("{2150E333-8FDC-42A3-9474-1A3956D46DE8}") = "ScrapeWebSites", "ScrapeWebSites", "{66EA1E90-3092-4817-B980-BAC4C446B333}"
EndProject
Project("{FAE04EC0-301F-11D3-BF4B-00C04F79EFBC}") = "ScrapWebSites", "Projects\HTML\ScrapeWebSites\ScrapWebSites.csproj", "{CAB37EDA-CF05-48CA-9E29-4B7178978BC7}"
EndProject
Global
	GlobalSection(SolutionConfigurationPlatforms) = preSolution
		Debug|Any CPU = Debug|Any CPU
		Release|Any CPU = Release|Any CPU
	EndGlobalSection
	GlobalSection(ProjectConfigurationPlatforms) = postSolution
		{510A6776-FB5E-42F6-BBBB-B7419E60DFE7}.Debug|Any CPU.ActiveCfg = Debug|Any CPU
		{510A6776-FB5E-42F6-BBBB-B7419E60DFE7}.Debug|Any CPU.Build.0 = Debug|Any CPU
		{510A6776-FB5E-42F6-BBBB-B7419E60DFE7}.Release|Any CPU.ActiveCfg = Release|Any CPU
		{510A6776-FB5E-42F6-BBBB-B7419E60DFE7}.Release|Any CPU.Build.0 = Release|Any CPU
		{CAB37EDA-CF05-48CA-9E29-4B7178978BC7}.Debug|Any CPU.ActiveCfg = Debug|Any CPU
		{CAB37EDA-CF05-48CA-9E29-4B7178978BC7}.Debug|Any CPU.Build.0 = Debug|Any CPU
		{CAB37EDA-CF05-48CA-9E29-4B7178978BC7}.Release|Any CPU.ActiveCfg = Release|Any CPU
		{CAB37EDA-CF05-48CA-9E29-4B7178978BC7}.Release|Any CPU.Build.0 = Release|Any CPU
	EndGlobalSection
	GlobalSection(SolutionProperties) = preSolution
		HideSolutionNode = FALSE
	EndGlobalSection
	GlobalSection(NestedProjects) = preSolution
		{1C3F7F2F-A64E-4120-A9C5-1832648AFD93} = {BA195123-7189-40ED-8BFE-1AA918442C3F}
		{3CD81917-7CF3-4501-8DD1-393842BC102B} = {BA195123-7189-40ED-8BFE-1AA918442C3F}
		{510A6776-FB5E-42F6-BBBB-B7419E60DFE7} = {3CD81917-7CF3-4501-8DD1-393842BC102B}
		{66EA1E90-3092-4817-B980-BAC4C446B333} = {1C3F7F2F-A64E-4120-A9C5-1832648AFD93}
		{CAB37EDA-CF05-48CA-9E29-4B7178978BC7} = {66EA1E90-3092-4817-B980-BAC4C446B333}
	EndGlobalSection
	GlobalSection(ExtensibilityGlobals) = postSolution
		SolutionGuid = {82FA2F95-2108-447E-A985-81A8381AECFD}
	EndGlobalSection
EndGlobal
