
Microsoft Visual Studio Solution File, Format Version 12.00
# Visual Studio Version 16
VisualStudioVersion = 16.0.29728.190
MinimumVisualStudioVersion = 10.0.40219.1
Project("{FAE04EC0-301F-11D3-BF4B-00C04F79EFBC}") = "CodeSnippetCSharp", "CodeSnippetCSharp.csproj", "{6903453E-6289-41CE-9025-14B6A0DFB944}"
EndProject
Global
	GlobalSection(SolutionConfigurationPlatforms) = preSolution
		Debug|Any CPU = Debug|Any CPU
		Release|Any CPU = Release|Any CPU
	EndGlobalSection
	GlobalSection(ProjectConfigurationPlatforms) = postSolution
		{6903453E-6289-41CE-9025-14B6A0DFB944}.Debug|Any CPU.ActiveCfg = Debug|Any CPU
		{6903453E-6289-41CE-9025-14B6A0DFB944}.Debug|Any CPU.Build.0 = Debug|Any CPU
		{6903453E-6289-41CE-9025-14B6A0DFB944}.Release|Any CPU.ActiveCfg = Release|Any CPU
		{6903453E-6289-41CE-9025-14B6A0DFB944}.Release|Any CPU.Build.0 = Release|Any CPU
	EndGlobalSection
	GlobalSection(SolutionProperties) = preSolution
		HideSolutionNode = FALSE
	EndGlobalSection
	GlobalSection(ExtensibilityGlobals) = postSolution
		SolutionGuid = {82FA2F95-2108-447E-A985-81A8381AECFD}
	EndGlobalSection
EndGlobal
